
Microsoft Visual Studio Solution File, Format Version 12.00
# Visual Studio Version 17
VisualStudioVersion = 17.1.32210.238
MinimumVisualStudioVersion = 10.0.40219.1
Project("{FAE04EC0-301F-11D3-BF4B-00C04F79EFBC}") = "Tasarim", "Kargo\Tasarim.csproj", "{E2B1C809-784C-4D3D-8444-977FD8009EF5}"
EndProject
Project("{FAE04EC0-301F-11D3-BF4B-00C04F79EFBC}") = "API", "API\API.csproj", "{FA37C5F3-437C-4F3A-A1DE-34C47ACF088B}"
EndProject
Project("{FAE04EC0-301F-11D3-BF4B-00C04F79EFBC}") = "VeriTabaniİslemleri", "Class1\VeriTabaniİslemleri.csproj", "{8603FE4C-A444-4150-B2FB-BDE30AEBF13D}"
EndProject
Global
	GlobalSection(SolutionConfigurationPlatforms) = preSolution
		Debug|Any CPU = Debug|Any CPU
		Release|Any CPU = Release|Any CPU
	EndGlobalSection
	GlobalSection(ProjectConfigurationPlatforms) = postSolution
		{E2B1C809-784C-4D3D-8444-977FD8009EF5}.Debug|Any CPU.ActiveCfg = Debug|Any CPU
		{E2B1C809-784C-4D3D-8444-977FD8009EF5}.Debug|Any CPU.Build.0 = Debug|Any CPU
		{E2B1C809-784C-4D3D-8444-977FD8009EF5}.Release|Any CPU.ActiveCfg = Release|Any CPU
		{E2B1C809-784C-4D3D-8444-977FD8009EF5}.Release|Any CPU.Build.0 = Release|Any CPU
		{FA37C5F3-437C-4F3A-A1DE-34C47ACF088B}.Debug|Any CPU.ActiveCfg = Debug|Any CPU
		{FA37C5F3-437C-4F3A-A1DE-34C47ACF088B}.Debug|Any CPU.Build.0 = Debug|Any CPU
		{FA37C5F3-437C-4F3A-A1DE-34C47ACF088B}.Release|Any CPU.ActiveCfg = Release|Any CPU
		{FA37C5F3-437C-4F3A-A1DE-34C47ACF088B}.Release|Any CPU.Build.0 = Release|Any CPU
		{8603FE4C-A444-4150-B2FB-BDE30AEBF13D}.Debug|Any CPU.ActiveCfg = Debug|Any CPU
		{8603FE4C-A444-4150-B2FB-BDE30AEBF13D}.Debug|Any CPU.Build.0 = Debug|Any CPU
		{8603FE4C-A444-4150-B2FB-BDE30AEBF13D}.Release|Any CPU.ActiveCfg = Release|Any CPU
		{8603FE4C-A444-4150-B2FB-BDE30AEBF13D}.Release|Any CPU.Build.0 = Release|Any CPU
	EndGlobalSection
	GlobalSection(SolutionProperties) = preSolution
		HideSolutionNode = FALSE
	EndGlobalSection
	GlobalSection(ExtensibilityGlobals) = postSolution
		SolutionGuid = {A29FEDF1-B0C6-43D7-A3A8-DF6D5A3E26F3}
	EndGlobalSection
EndGlobal
